
Microsoft Visual Studio Solution File, Format Version 12.00
# Visual Studio 15
VisualStudioVersion = 15.0.28307.1169
MinimumVisualStudioVersion = 10.0.40219.1
Project("{E24C65DC-7377-472B-9ABA-BC803B73C61A}") = "seeMore", "seeMore\", "{3A8C45F5-B29C-4F2B-9289-40FA92B2710E}"
	ProjectSection(WebsiteProperties) = preProject
		TargetFrameworkMoniker = ".NETFramework,Version%3Dv4.6.1"
		Debug.AspNetCompiler.VirtualPath = "/localhost_49754"
		Debug.AspNetCompiler.PhysicalPath = "seeMore\"
		Debug.AspNetCompiler.TargetPath = "PrecompiledWeb\localhost_49754\"
		Debug.AspNetCompiler.Updateable = "true"
		Debug.AspNetCompiler.ForceOverwrite = "true"
		Debug.AspNetCompiler.FixedNames = "false"
		Debug.AspNetCompiler.Debug = "True"
		Release.AspNetCompiler.VirtualPath = "/localhost_49754"
		Release.AspNetCompiler.PhysicalPath = "seeMore\"
		Release.AspNetCompiler.TargetPath = "PrecompiledWeb\localhost_49754\"
		Release.AspNetCompiler.Updateable = "true"
		Release.AspNetCompiler.ForceOverwrite = "true"
		Release.AspNetCompiler.FixedNames = "false"
		Release.AspNetCompiler.Debug = "False"
		VWDPort = "49754"
		SlnRelativePath = "seeMore\"
		DefaultWebSiteLanguage = "Visual C#"
	EndProjectSection
EndProject
Global
	GlobalSection(SolutionConfigurationPlatforms) = preSolution
		Debug|Any CPU = Debug|Any CPU
	EndGlobalSection
	GlobalSection(ProjectConfigurationPlatforms) = postSolution
		{3A8C45F5-B29C-4F2B-9289-40FA92B2710E}.Debug|Any CPU.ActiveCfg = Debug|Any CPU
		{3A8C45F5-B29C-4F2B-9289-40FA92B2710E}.Debug|Any CPU.Build.0 = Debug|Any CPU
	EndGlobalSection
	GlobalSection(SolutionProperties) = preSolution
		HideSolutionNode = FALSE
	EndGlobalSection
	GlobalSection(ExtensibilityGlobals) = postSolution
		SolutionGuid = {596A85E7-DFB8-4B54-A165-72D3BE77459B}
	EndGlobalSection
EndGlobal
